
Microsoft Visual Studio Solution File, Format Version 12.00
# Visual Studio Version 17
VisualStudioVersion = 17.9.34622.214
MinimumVisualStudioVersion = 10.0.40219.1
Project("{9A19103F-16F7-4668-BE54-9A1E7A4F7556}") = "CursoSabado.WebApp", "CursoSabado.WebApp\CursoSabado.WebApp.csproj", "{79D4D403-5296-40F4-AF32-97F68655F2E8}"
EndProject
Project("{2150E333-8FDC-42A3-9474-1A3956D46DE8}") = "Apresentacao", "Apresentacao", "{69041A30-518B-46BC-ABC5-2BE84FF493BA}"
EndProject
Project("{2150E333-8FDC-42A3-9474-1A3956D46DE8}") = "Dominio", "Dominio", "{46B79DDF-1216-483C-AFB7-F2167239C1E0}"
EndProject
Project("{2150E333-8FDC-42A3-9474-1A3956D46DE8}") = "Dados", "Dados", "{78EB3F5E-24A7-4961-9C7E-9026E6FCACDD}"
EndProject
Project("{9A19103F-16F7-4668-BE54-9A1E7A4F7556}") = "CursoSabado.Dominio", "CursoSabado.Dominio\CursoSabado.Dominio.csproj", "{70A653F2-91C2-472D-8B96-1D8A5C39F3A0}"
EndProject
Project("{9A19103F-16F7-4668-BE54-9A1E7A4F7556}") = "CursoSabado.Repositorios.EF", "CursoSabado.Repositorios.EF\CursoSabado.Repositorios.EF.csproj", "{814153B5-EDDC-42DB-9551-A84D8F4E35F8}"
EndProject
Project("{9A19103F-16F7-4668-BE54-9A1E7A4F7556}") = "CursoSabado.ConsoleApp", "CursoSabado.ConsoleApp\CursoSabado.ConsoleApp.csproj", "{3E66E17A-9D1A-4763-9E56-6B6C3F498521}"
EndProject
Project("{9A19103F-16F7-4668-BE54-9A1E7A4F7556}") = "CursoSabado.Repositorios", "CursoSabado.Repositorios\CursoSabado.Repositorios.csproj", "{5780212F-EEA8-4003-A7BE-3D2AFCCAF229}"
EndProject
Project("{9A19103F-16F7-4668-BE54-9A1E7A4F7556}") = "CursoSabado.Repositorios.FakeNews", "CursoSabado.Repositorios.FakeNews\CursoSabado.Repositorios.FakeNews.csproj", "{609D5F75-2528-460F-A877-3FBBB4F6F134}"
EndProject
Project("{9A19103F-16F7-4668-BE54-9A1E7A4F7556}") = "CursoSabado.Repositorios.ADONET", "CursoSabado.Repositorios.ADONET\CursoSabado.Repositorios.ADONET.csproj", "{9C4796A7-6429-4D87-A497-4242DCF879D2}"
EndProject
Project("{2150E333-8FDC-42A3-9474-1A3956D46DE8}") = "Infraestrutura", "Infraestrutura", "{9A2EDD06-2363-4D23-8231-CB5AF7863AC0}"
EndProject
Project("{9A19103F-16F7-4668-BE54-9A1E7A4F7556}") = "CursoSabado.Infra.IOC", "CursoSabado.Infra.IOC\CursoSabado.Infra.IOC.csproj", "{CE9A13BA-F2B7-489E-9B4B-EF0BA803D152}"
EndProject
Project("{2150E333-8FDC-42A3-9474-1A3956D46DE8}") = "Serviços", "Serviços", "{7624A632-BC49-4D07-92DB-F363FD675A97}"
EndProject
Project("{9A19103F-16F7-4668-BE54-9A1E7A4F7556}") = "CursoSabado.Servicos", "CursoSabado.Servicos\CursoSabado.Servicos.csproj", "{1F887FBB-48F0-413C-BFB8-848ECD179053}"
EndProject
Project("{2150E333-8FDC-42A3-9474-1A3956D46DE8}") = "Crosscutting", "Crosscutting", "{0824D129-730B-4B29-A7C1-487C10D8ECAB}"
EndProject
Project("{9A19103F-16F7-4668-BE54-9A1E7A4F7556}") = "CursoSabado.DTOs", "CursoSabado.DTOs\CursoSabado.DTOs.csproj", "{3EDB3013-2695-4A7B-B0F8-53F5FDD86152}"
EndProject
Project("{9A19103F-16F7-4668-BE54-9A1E7A4F7556}") = "CursoSabado.Servicos.Aplicacao", "CursoSabado.Servicos.Aplicacao\CursoSabado.Servicos.Aplicacao.csproj", "{CB7D443E-4672-43FE-B9EA-F78BB3BC8A43}"
EndProject
Project("{9A19103F-16F7-4668-BE54-9A1E7A4F7556}") = "CursoSabado.MapeadoresDTOs", "CursoSabado.MapeadoresDTOs\CursoSabado.MapeadoresDTOs.csproj", "{2C0E3DB8-D4EC-430B-858A-07EF1EB8A9B9}"
EndProject
Project("{9A19103F-16F7-4668-BE54-9A1E7A4F7556}") = "CursoSabado.Mapeadores.DTOs.Manual", "CursoSabado.Mapeadores.DTOs.Manual\CursoSabado.Mapeadores.DTOs.Manual.csproj", "{39AAE208-B682-4067-90E7-32B7F8CFA58C}"
EndProject
Project("{FAE04EC0-301F-11D3-BF4B-00C04F79EFBC}") = "CursoSabado.DesktopApp", "CursoSabado.DesktopApp\CursoSabado.DesktopApp.csproj", "{1852D8A6-265C-4565-AB51-FDC5D778CC3D}"
EndProject
Global
	GlobalSection(SolutionConfigurationPlatforms) = preSolution
		Debug|Any CPU = Debug|Any CPU
		Release|Any CPU = Release|Any CPU
	EndGlobalSection
	GlobalSection(ProjectConfigurationPlatforms) = postSolution
		{79D4D403-5296-40F4-AF32-97F68655F2E8}.Debug|Any CPU.ActiveCfg = Debug|Any CPU
		{79D4D403-5296-40F4-AF32-97F68655F2E8}.Debug|Any CPU.Build.0 = Debug|Any CPU
		{79D4D403-5296-40F4-AF32-97F68655F2E8}.Release|Any CPU.ActiveCfg = Release|Any CPU
		{79D4D403-5296-40F4-AF32-97F68655F2E8}.Release|Any CPU.Build.0 = Release|Any CPU
		{70A653F2-91C2-472D-8B96-1D8A5C39F3A0}.Debug|Any CPU.ActiveCfg = Debug|Any CPU
		{70A653F2-91C2-472D-8B96-1D8A5C39F3A0}.Debug|Any CPU.Build.0 = Debug|Any CPU
		{70A653F2-91C2-472D-8B96-1D8A5C39F3A0}.Release|Any CPU.ActiveCfg = Release|Any CPU
		{70A653F2-91C2-472D-8B96-1D8A5C39F3A0}.Release|Any CPU.Build.0 = Release|Any CPU
		{814153B5-EDDC-42DB-9551-A84D8F4E35F8}.Debug|Any CPU.ActiveCfg = Debug|Any CPU
		{814153B5-EDDC-42DB-9551-A84D8F4E35F8}.Debug|Any CPU.Build.0 = Debug|Any CPU
		{814153B5-EDDC-42DB-9551-A84D8F4E35F8}.Release|Any CPU.ActiveCfg = Release|Any CPU
		{814153B5-EDDC-42DB-9551-A84D8F4E35F8}.Release|Any CPU.Build.0 = Release|Any CPU
		{3E66E17A-9D1A-4763-9E56-6B6C3F498521}.Debug|Any CPU.ActiveCfg = Debug|Any CPU
		{3E66E17A-9D1A-4763-9E56-6B6C3F498521}.Debug|Any CPU.Build.0 = Debug|Any CPU
		{3E66E17A-9D1A-4763-9E56-6B6C3F498521}.Release|Any CPU.ActiveCfg = Release|Any CPU
		{3E66E17A-9D1A-4763-9E56-6B6C3F498521}.Release|Any CPU.Build.0 = Release|Any CPU
		{5780212F-EEA8-4003-A7BE-3D2AFCCAF229}.Debug|Any CPU.ActiveCfg = Debug|Any CPU
		{5780212F-EEA8-4003-A7BE-3D2AFCCAF229}.Debug|Any CPU.Build.0 = Debug|Any CPU
		{5780212F-EEA8-4003-A7BE-3D2AFCCAF229}.Release|Any CPU.ActiveCfg = Release|Any CPU
		{5780212F-EEA8-4003-A7BE-3D2AFCCAF229}.Release|Any CPU.Build.0 = Release|Any CPU
		{609D5F75-2528-460F-A877-3FBBB4F6F134}.Debug|Any CPU.ActiveCfg = Debug|Any CPU
		{609D5F75-2528-460F-A877-3FBBB4F6F134}.Debug|Any CPU.Build.0 = Debug|Any CPU
		{609D5F75-2528-460F-A877-3FBBB4F6F134}.Release|Any CPU.ActiveCfg = Release|Any CPU
		{609D5F75-2528-460F-A877-3FBBB4F6F134}.Release|Any CPU.Build.0 = Release|Any CPU
		{9C4796A7-6429-4D87-A497-4242DCF879D2}.Debug|Any CPU.ActiveCfg = Debug|Any CPU
		{9C4796A7-6429-4D87-A497-4242DCF879D2}.Debug|Any CPU.Build.0 = Debug|Any CPU
		{9C4796A7-6429-4D87-A497-4242DCF879D2}.Release|Any CPU.ActiveCfg = Release|Any CPU
		{9C4796A7-6429-4D87-A497-4242DCF879D2}.Release|Any CPU.Build.0 = Release|Any CPU
		{CE9A13BA-F2B7-489E-9B4B-EF0BA803D152}.Debug|Any CPU.ActiveCfg = Debug|Any CPU
		{CE9A13BA-F2B7-489E-9B4B-EF0BA803D152}.Debug|Any CPU.Build.0 = Debug|Any CPU
		{CE9A13BA-F2B7-489E-9B4B-EF0BA803D152}.Release|Any CPU.ActiveCfg = Release|Any CPU
		{CE9A13BA-F2B7-489E-9B4B-EF0BA803D152}.Release|Any CPU.Build.0 = Release|Any CPU
		{1F887FBB-48F0-413C-BFB8-848ECD179053}.Debug|Any CPU.ActiveCfg = Debug|Any CPU
		{1F887FBB-48F0-413C-BFB8-848ECD179053}.Debug|Any CPU.Build.0 = Debug|Any CPU
		{1F887FBB-48F0-413C-BFB8-848ECD179053}.Release|Any CPU.ActiveCfg = Release|Any CPU
		{1F887FBB-48F0-413C-BFB8-848ECD179053}.Release|Any CPU.Build.0 = Release|Any CPU
		{3EDB3013-2695-4A7B-B0F8-53F5FDD86152}.Debug|Any CPU.ActiveCfg = Debug|Any CPU
		{3EDB3013-2695-4A7B-B0F8-53F5FDD86152}.Debug|Any CPU.Build.0 = Debug|Any CPU
		{3EDB3013-2695-4A7B-B0F8-53F5FDD86152}.Release|Any CPU.ActiveCfg = Release|Any CPU
		{3EDB3013-2695-4A7B-B0F8-53F5FDD86152}.Release|Any CPU.Build.0 = Release|Any CPU
		{CB7D443E-4672-43FE-B9EA-F78BB3BC8A43}.Debug|Any CPU.ActiveCfg = Debug|Any CPU
		{CB7D443E-4672-43FE-B9EA-F78BB3BC8A43}.Debug|Any CPU.Build.0 = Debug|Any CPU
		{CB7D443E-4672-43FE-B9EA-F78BB3BC8A43}.Release|Any CPU.ActiveCfg = Release|Any CPU
		{CB7D443E-4672-43FE-B9EA-F78BB3BC8A43}.Release|Any CPU.Build.0 = Release|Any CPU
		{2C0E3DB8-D4EC-430B-858A-07EF1EB8A9B9}.Debug|Any CPU.ActiveCfg = Debug|Any CPU
		{2C0E3DB8-D4EC-430B-858A-07EF1EB8A9B9}.Debug|Any CPU.Build.0 = Debug|Any CPU
		{2C0E3DB8-D4EC-430B-858A-07EF1EB8A9B9}.Release|Any CPU.ActiveCfg = Release|Any CPU
		{2C0E3DB8-D4EC-430B-858A-07EF1EB8A9B9}.Release|Any CPU.Build.0 = Release|Any CPU
		{39AAE208-B682-4067-90E7-32B7F8CFA58C}.Debug|Any CPU.ActiveCfg = Debug|Any CPU
		{39AAE208-B682-4067-90E7-32B7F8CFA58C}.Debug|Any CPU.Build.0 = Debug|Any CPU
		{39AAE208-B682-4067-90E7-32B7F8CFA58C}.Release|Any CPU.ActiveCfg = Release|Any CPU
		{39AAE208-B682-4067-90E7-32B7F8CFA58C}.Release|Any CPU.Build.0 = Release|Any CPU
		{1852D8A6-265C-4565-AB51-FDC5D778CC3D}.Debug|Any CPU.ActiveCfg = Debug|Any CPU
		{1852D8A6-265C-4565-AB51-FDC5D778CC3D}.Debug|Any CPU.Build.0 = Debug|Any CPU
		{1852D8A6-265C-4565-AB51-FDC5D778CC3D}.Release|Any CPU.ActiveCfg = Release|Any CPU
		{1852D8A6-265C-4565-AB51-FDC5D778CC3D}.Release|Any CPU.Build.0 = Release|Any CPU
	EndGlobalSection
	GlobalSection(SolutionProperties) = preSolution
		HideSolutionNode = FALSE
	EndGlobalSection
	GlobalSection(NestedProjects) = preSolution
		{79D4D403-5296-40F4-AF32-97F68655F2E8} = {69041A30-518B-46BC-ABC5-2BE84FF493BA}
		{70A653F2-91C2-472D-8B96-1D8A5C39F3A0} = {46B79DDF-1216-483C-AFB7-F2167239C1E0}
		{814153B5-EDDC-42DB-9551-A84D8F4E35F8} = {78EB3F5E-24A7-4961-9C7E-9026E6FCACDD}
		{3E66E17A-9D1A-4763-9E56-6B6C3F498521} = {69041A30-518B-46BC-ABC5-2BE84FF493BA}
		{5780212F-EEA8-4003-A7BE-3D2AFCCAF229} = {78EB3F5E-24A7-4961-9C7E-9026E6FCACDD}
		{609D5F75-2528-460F-A877-3FBBB4F6F134} = {78EB3F5E-24A7-4961-9C7E-9026E6FCACDD}
		{9C4796A7-6429-4D87-A497-4242DCF879D2} = {78EB3F5E-24A7-4961-9C7E-9026E6FCACDD}
		{CE9A13BA-F2B7-489E-9B4B-EF0BA803D152} = {9A2EDD06-2363-4D23-8231-CB5AF7863AC0}
		{1F887FBB-48F0-413C-BFB8-848ECD179053} = {7624A632-BC49-4D07-92DB-F363FD675A97}
		{3EDB3013-2695-4A7B-B0F8-53F5FDD86152} = {0824D129-730B-4B29-A7C1-487C10D8ECAB}
		{CB7D443E-4672-43FE-B9EA-F78BB3BC8A43} = {7624A632-BC49-4D07-92DB-F363FD675A97}
		{2C0E3DB8-D4EC-430B-858A-07EF1EB8A9B9} = {0824D129-730B-4B29-A7C1-487C10D8ECAB}
		{39AAE208-B682-4067-90E7-32B7F8CFA58C} = {0824D129-730B-4B29-A7C1-487C10D8ECAB}
		{1852D8A6-265C-4565-AB51-FDC5D778CC3D} = {69041A30-518B-46BC-ABC5-2BE84FF493BA}
	EndGlobalSection
	GlobalSection(ExtensibilityGlobals) = postSolution
		SolutionGuid = {CB7B9661-0A6B-4BB6-91F0-686E7866793E}
	EndGlobalSection
EndGlobal
